{
  "lockfileVersion": 1,
  "configVersion": 1,
  "workspaces": {
    "": {
      "name": "notioncode",
      "dependencies": {
        "@notionhq/client": "^5.14.0",
        "commander": "^14.0.3",
        "dotenv": "^17.3.1",
      },
    },
  },
  "packages": {
    "@notionhq/client": ["@notionhq/client@5.14.0", "", {}, "sha512-9bbH7/9M6D9YlHMYCZ1aAFxRCWiKRBpP/XOnAHFtBCFDf00PPhpWRSsGE1FfmjYCNW2BFRj19WshJFH5IFfNvg=="],

    "commander": ["commander@14.0.3", "", {}, "sha512-H+y0Jo/T1RZ9qPP4Eh1pkcQcLRglraJaSLoyOtHxu6AapkjWVCy2Sit1QQ4x3Dng8qDlSsZEet7g5Pq06MvTgw=="],

    "dotenv": ["dotenv@17.3.1", "", {}, "sha512-IO8C/dzEb6O3F9/twg6ZLXz164a2fhTnEWb95H23Dm4OuN+92NmEAlTrupP9VW6Jm3sO26tQlqyvyi4CsnY9GA=="],
  }
}
